<?xml version="1.0" encoding="UTF-8"?>
<CodeBlocks_project_file>
	<FileVersion major="1" minor="6"/>
	<Project>
		<Option title="terminal"/>
		<Option makefile_is_custom="1"/>
		<Option compiler="gcc"/>
		<Option virtualFolders="CMake Files\;CMake Files\..\;CMake Files\..\..\;CMake Files\..\..\..\;CMake Files\..\..\..\5.13.0\;CMake Files\..\..\..\5.13.0\mingw73_32\;CMake Files\..\..\..\5.13.0\mingw73_32\lib\;CMake Files\..\..\..\5.13.0\mingw73_32\lib\cmake\;CMake Files\..\..\..\5.13.0\mingw73_32\lib\cmake\Qt5\;CMake Files\..\..\..\5.13.0\mingw73_32\lib\cmake\Qt5Widgets\;CMake Files\..\..\..\5.13.0\mingw73_32\lib\cmake\Qt5Gui\;CMake Files\..\..\..\5.13.0\mingw73_32\lib\cmake\Qt5Core\;CMake Files\..\..\..\5.13.0\mingw73_32\lib\cmake\Qt5Sql\;CMake Files\..\..\..\5.13.0\mingw73_32\lib\cmake\Qt5SerialPort\;"/>
		<Build>
			<Target title="all">
				<Option working_dir="C:/Qt/my_examples/my_example/build-terminal-Desktop_Qt_5_13_0_MinGW_32_bit-u041eu0442u043bu0430u0434u043au0430"/>
				<Option type="4"/>
				<MakeCommands>
					<Build command="C:/Qt/Tools/mingw730_32/bin/mingw32-make.exe -f &quot;C:/Qt/my_examples/my_example/build-terminal-Desktop_Qt_5_13_0_MinGW_32_bit-u041eu0442u043bu0430u0434u043au0430/Makefile&quot;  VERBOSE=1 all"/>
					<CompileFile command="C:/Qt/Tools/mingw730_32/bin/mingw32-make.exe -f &quot;C:/Qt/my_examples/my_example/build-terminal-Desktop_Qt_5_13_0_MinGW_32_bit-u041eu0442u043bu0430u0434u043au0430/Makefile&quot;  VERBOSE=1 &quot;$file&quot;"/>
					<Clean command="C:/Qt/Tools/mingw730_32/bin/mingw32-make.exe -f &quot;C:/Qt/my_examples/my_example/build-terminal-Desktop_Qt_5_13_0_MinGW_32_bit-u041eu0442u043bu0430u0434u043au0430/Makefile&quot;  VERBOSE=1 clean"/>
					<DistClean command="C:/Qt/Tools/mingw730_32/bin/mingw32-make.exe -f &quot;C:/Qt/my_examples/my_example/build-terminal-Desktop_Qt_5_13_0_MinGW_32_bit-u041eu0442u043bu0430u0434u043au0430/Makefile&quot;  VERBOSE=1 clean"/>
				</MakeCommands>
			</Target>
			<Target title="terminal">
				<Option output="C:/Qt/my_examples/my_example/build-terminal-Desktop_Qt_5_13_0_MinGW_32_bit-u041eu0442u043bu0430u0434u043au0430/libterminal.a" prefix_auto="0" extension_auto="0"/>
				<Option working_dir="C:/Qt/my_examples/my_example/build-terminal-Desktop_Qt_5_13_0_MinGW_32_bit-u041eu0442u043bu0430u0434u043au0430"/>
				<Option object_output="./"/>
				<Option type="2"/>
				<Option compiler="gcc"/>
				<Compiler>
					<Add option="-DQT_WIDGETS_LIB"/>
					<Add option="-DQT_GUI_LIB"/>
					<Add option="-DQT_CORE_LIB"/>
					<Add option="-DQT_SQL_LIB"/>
					<Add option="-DQT_SERIALPORT_LIB"/>
					<Add directory="C:/Qt/my_examples/my_example/build-terminal-Desktop_Qt_5_13_0_MinGW_32_bit-u041eu0442u043bu0430u0434u043au0430/terminal_autogen/include"/>
					<Add directory="C:/Qt/my_examples/my_example/terminal/settings"/>
					<Add directory="C:/Qt/my_examples/my_example/terminal/prepare_input_console"/>
					<Add directory="C:/Qt/5.13.0/mingw73_32/include"/>
					<Add directory="C:/Qt/5.13.0/mingw73_32/include/QtWidgets"/>
					<Add directory="C:/Qt/5.13.0/mingw73_32/include/QtGui"/>
					<Add directory="C:/Qt/5.13.0/mingw73_32/include/QtANGLE"/>
					<Add directory="C:/Qt/5.13.0/mingw73_32/include/QtCore"/>
					<Add directory="C:/Qt/5.13.0/mingw73_32/./mkspecs/win32-g++"/>
					<Add directory="C:/Qt/5.13.0/mingw73_32/include/QtSql"/>
					<Add directory="C:/Qt/5.13.0/mingw73_32/include/QtSerialPort"/>
					<Add directory="C:/Qt/Tools/mingw730_32/bin/../lib/gcc/i686-w64-mingw32/7.3.0/include/c++"/>
					<Add directory="C:/Qt/Tools/mingw730_32/bin/../lib/gcc/i686-w64-mingw32/7.3.0/include/c++/i686-w64-mingw32"/>
					<Add directory="C:/Qt/Tools/mingw730_32/bin/../lib/gcc/i686-w64-mingw32/7.3.0/include/c++/backward"/>
					<Add directory="C:/Qt/Tools/mingw730_32/bin/../lib/gcc/i686-w64-mingw32/7.3.0/include"/>
					<Add directory="C:/Qt/Tools/mingw730_32/bin/../lib/gcc/i686-w64-mingw32/7.3.0/include-fixed"/>
					<Add directory="C:/Qt/Tools/mingw730_32/bin/../lib/gcc/i686-w64-mingw32/7.3.0/../../../../i686-w64-mingw32/include"/>
				</Compiler>
				<MakeCommands>
					<Build command="C:/Qt/Tools/mingw730_32/bin/mingw32-make.exe -f &quot;C:/Qt/my_examples/my_example/build-terminal-Desktop_Qt_5_13_0_MinGW_32_bit-u041eu0442u043bu0430u0434u043au0430/Makefile&quot;  VERBOSE=1 terminal"/>
					<CompileFile command="C:/Qt/Tools/mingw730_32/bin/mingw32-make.exe -f &quot;C:/Qt/my_examples/my_example/build-terminal-Desktop_Qt_5_13_0_MinGW_32_bit-u041eu0442u043bu0430u0434u043au0430/Makefile&quot;  VERBOSE=1 &quot;$file&quot;"/>
					<Clean command="C:/Qt/Tools/mingw730_32/bin/mingw32-make.exe -f &quot;C:/Qt/my_examples/my_example/build-terminal-Desktop_Qt_5_13_0_MinGW_32_bit-u041eu0442u043bu0430u0434u043au0430/Makefile&quot;  VERBOSE=1 clean"/>
					<DistClean command="C:/Qt/Tools/mingw730_32/bin/mingw32-make.exe -f &quot;C:/Qt/my_examples/my_example/build-terminal-Desktop_Qt_5_13_0_MinGW_32_bit-u041eu0442u043bu0430u0434u043au0430/Makefile&quot;  VERBOSE=1 clean"/>
				</MakeCommands>
			</Target>
			<Target title="terminal/fast">
				<Option output="C:/Qt/my_examples/my_example/build-terminal-Desktop_Qt_5_13_0_MinGW_32_bit-u041eu0442u043bu0430u0434u043au0430/libterminal.a" prefix_auto="0" extension_auto="0"/>
				<Option working_dir="C:/Qt/my_examples/my_example/build-terminal-Desktop_Qt_5_13_0_MinGW_32_bit-u041eu0442u043bu0430u0434u043au0430"/>
				<Option object_output="./"/>
				<Option type="2"/>
				<Option compiler="gcc"/>
				<Compiler>
					<Add option="-DQT_WIDGETS_LIB"/>
					<Add option="-DQT_GUI_LIB"/>
					<Add option="-DQT_CORE_LIB"/>
					<Add option="-DQT_SQL_LIB"/>
					<Add option="-DQT_SERIALPORT_LIB"/>
					<Add directory="C:/Qt/my_examples/my_example/build-terminal-Desktop_Qt_5_13_0_MinGW_32_bit-u041eu0442u043bu0430u0434u043au0430/terminal_autogen/include"/>
					<Add directory="C:/Qt/my_examples/my_example/terminal/settings"/>
					<Add directory="C:/Qt/my_examples/my_example/terminal/prepare_input_console"/>
					<Add directory="C:/Qt/5.13.0/mingw73_32/include"/>
					<Add directory="C:/Qt/5.13.0/mingw73_32/include/QtWidgets"/>
					<Add directory="C:/Qt/5.13.0/mingw73_32/include/QtGui"/>
					<Add directory="C:/Qt/5.13.0/mingw73_32/include/QtANGLE"/>
					<Add directory="C:/Qt/5.13.0/mingw73_32/include/QtCore"/>
					<Add directory="C:/Qt/5.13.0/mingw73_32/./mkspecs/win32-g++"/>
					<Add directory="C:/Qt/5.13.0/mingw73_32/include/QtSql"/>
					<Add directory="C:/Qt/5.13.0/mingw73_32/include/QtSerialPort"/>
					<Add directory="C:/Qt/Tools/mingw730_32/bin/../lib/gcc/i686-w64-mingw32/7.3.0/include/c++"/>
					<Add directory="C:/Qt/Tools/mingw730_32/bin/../lib/gcc/i686-w64-mingw32/7.3.0/include/c++/i686-w64-mingw32"/>
					<Add directory="C:/Qt/Tools/mingw730_32/bin/../lib/gcc/i686-w64-mingw32/7.3.0/include/c++/backward"/>
					<Add directory="C:/Qt/Tools/mingw730_32/bin/../lib/gcc/i686-w64-mingw32/7.3.0/include"/>
					<Add directory="C:/Qt/Tools/mingw730_32/bin/../lib/gcc/i686-w64-mingw32/7.3.0/include-fixed"/>
					<Add directory="C:/Qt/Tools/mingw730_32/bin/../lib/gcc/i686-w64-mingw32/7.3.0/../../../../i686-w64-mingw32/include"/>
				</Compiler>
				<MakeCommands>
					<Build command="C:/Qt/Tools/mingw730_32/bin/mingw32-make.exe -f &quot;C:/Qt/my_examples/my_example/build-terminal-Desktop_Qt_5_13_0_MinGW_32_bit-u041eu0442u043bu0430u0434u043au0430/Makefile&quot;  VERBOSE=1 terminal/fast"/>
					<CompileFile command="C:/Qt/Tools/mingw730_32/bin/mingw32-make.exe -f &quot;C:/Qt/my_examples/my_example/build-terminal-Desktop_Qt_5_13_0_MinGW_32_bit-u041eu0442u043bu0430u0434u043au0430/Makefile&quot;  VERBOSE=1 &quot;$file&quot;"/>
					<Clean command="C:/Qt/Tools/mingw730_32/bin/mingw32-make.exe -f &quot;C:/Qt/my_examples/my_example/build-terminal-Desktop_Qt_5_13_0_MinGW_32_bit-u041eu0442u043bu0430u0434u043au0430/Makefile&quot;  VERBOSE=1 clean"/>
					<DistClean command="C:/Qt/Tools/mingw730_32/bin/mingw32-make.exe -f &quot;C:/Qt/my_examples/my_example/build-terminal-Desktop_Qt_5_13_0_MinGW_32_bit-u041eu0442u043bu0430u0434u043au0430/Makefile&quot;  VERBOSE=1 clean"/>
				</MakeCommands>
			</Target>
			<Target title="edit_cache">
				<Option working_dir="C:/Qt/my_examples/my_example/build-terminal-Desktop_Qt_5_13_0_MinGW_32_bit-u041eu0442u043bu0430u0434u043au0430"/>
				<Option type="4"/>
				<MakeCommands>
					<Build command="C:/Qt/Tools/mingw730_32/bin/mingw32-make.exe -f &quot;C:/Qt/my_examples/my_example/build-terminal-Desktop_Qt_5_13_0_MinGW_32_bit-u041eu0442u043bu0430u0434u043au0430/Makefile&quot;  VERBOSE=1 edit_cache"/>
					<CompileFile command="C:/Qt/Tools/mingw730_32/bin/mingw32-make.exe -f &quot;C:/Qt/my_examples/my_example/build-terminal-Desktop_Qt_5_13_0_MinGW_32_bit-u041eu0442u043bu0430u0434u043au0430/Makefile&quot;  VERBOSE=1 &quot;$file&quot;"/>
					<Clean command="C:/Qt/Tools/mingw730_32/bin/mingw32-make.exe -f &quot;C:/Qt/my_examples/my_example/build-terminal-Desktop_Qt_5_13_0_MinGW_32_bit-u041eu0442u043bu0430u0434u043au0430/Makefile&quot;  VERBOSE=1 clean"/>
					<DistClean command="C:/Qt/Tools/mingw730_32/bin/mingw32-make.exe -f &quot;C:/Qt/my_examples/my_example/build-terminal-Desktop_Qt_5_13_0_MinGW_32_bit-u041eu0442u043bu0430u0434u043au0430/Makefile&quot;  VERBOSE=1 clean"/>
				</MakeCommands>
			</Target>
			<Target title="rebuild_cache">
				<Option working_dir="C:/Qt/my_examples/my_example/build-terminal-Desktop_Qt_5_13_0_MinGW_32_bit-u041eu0442u043bu0430u0434u043au0430"/>
				<Option type="4"/>
				<MakeCommands>
					<Build command="C:/Qt/Tools/mingw730_32/bin/mingw32-make.exe -f &quot;C:/Qt/my_examples/my_example/build-terminal-Desktop_Qt_5_13_0_MinGW_32_bit-u041eu0442u043bu0430u0434u043au0430/Makefile&quot;  VERBOSE=1 rebuild_cache"/>
					<CompileFile command="C:/Qt/Tools/mingw730_32/bin/mingw32-make.exe -f &quot;C:/Qt/my_examples/my_example/build-terminal-Desktop_Qt_5_13_0_MinGW_32_bit-u041eu0442u043bu0430u0434u043au0430/Makefile&quot;  VERBOSE=1 &quot;$file&quot;"/>
					<Clean command="C:/Qt/Tools/mingw730_32/bin/mingw32-make.exe -f &quot;C:/Qt/my_examples/my_example/build-terminal-Desktop_Qt_5_13_0_MinGW_32_bit-u041eu0442u043bu0430u0434u043au0430/Makefile&quot;  VERBOSE=1 clean"/>
					<DistClean command="C:/Qt/Tools/mingw730_32/bin/mingw32-make.exe -f &quot;C:/Qt/my_examples/my_example/build-terminal-Desktop_Qt_5_13_0_MinGW_32_bit-u041eu0442u043bu0430u0434u043au0430/Makefile&quot;  VERBOSE=1 clean"/>
				</MakeCommands>
			</Target>
			<Target title="terminal_autogen">
				<Option working_dir="C:/Qt/my_examples/my_example/build-terminal-Desktop_Qt_5_13_0_MinGW_32_bit-u041eu0442u043bu0430u0434u043au0430"/>
				<Option type="4"/>
				<MakeCommands>
					<Build command="C:/Qt/Tools/mingw730_32/bin/mingw32-make.exe -f &quot;C:/Qt/my_examples/my_example/build-terminal-Desktop_Qt_5_13_0_MinGW_32_bit-u041eu0442u043bu0430u0434u043au0430/Makefile&quot;  VERBOSE=1 terminal_autogen"/>
					<CompileFile command="C:/Qt/Tools/mingw730_32/bin/mingw32-make.exe -f &quot;C:/Qt/my_examples/my_example/build-terminal-Desktop_Qt_5_13_0_MinGW_32_bit-u041eu0442u043bu0430u0434u043au0430/Makefile&quot;  VERBOSE=1 &quot;$file&quot;"/>
					<Clean command="C:/Qt/Tools/mingw730_32/bin/mingw32-make.exe -f &quot;C:/Qt/my_examples/my_example/build-terminal-Desktop_Qt_5_13_0_MinGW_32_bit-u041eu0442u043bu0430u0434u043au0430/Makefile&quot;  VERBOSE=1 clean"/>
					<DistClean command="C:/Qt/Tools/mingw730_32/bin/mingw32-make.exe -f &quot;C:/Qt/my_examples/my_example/build-terminal-Desktop_Qt_5_13_0_MinGW_32_bit-u041eu0442u043bu0430u0434u043au0430/Makefile&quot;  VERBOSE=1 clean"/>
				</MakeCommands>
			</Target>
		</Build>
		<Unit filename="C:/Qt/my_examples/my_example/build-terminal-Desktop_Qt_5_13_0_MinGW_32_bit-u041eu0442u043bu0430u0434u043au0430/terminal_autogen/mocs_compilation.cpp">
			<Option target="terminal"/>
		</Unit>
		<Unit filename="C:/Qt/my_examples/my_example/terminal/consoleform.cpp">
			<Option target="terminal"/>
		</Unit>
		<Unit filename="C:/Qt/my_examples/my_example/terminal/consoleform.h">
			<Option target="terminal"/>
		</Unit>
		<Unit filename="C:/Qt/my_examples/my_example/terminal/prepare_input_console/piconsole.cpp">
			<Option target="terminal"/>
		</Unit>
		<Unit filename="C:/Qt/my_examples/my_example/terminal/prepare_input_console/piconsole.h">
			<Option target="terminal"/>
		</Unit>
		<Unit filename="C:/Qt/my_examples/my_example/terminal/runprepare.cpp">
			<Option target="terminal"/>
		</Unit>
		<Unit filename="C:/Qt/my_examples/my_example/terminal/runprepare.h">
			<Option target="terminal"/>
		</Unit>
		<Unit filename="C:/Qt/my_examples/my_example/terminal/setbaikal.cpp">
			<Option target="terminal"/>
		</Unit>
		<Unit filename="C:/Qt/my_examples/my_example/terminal/setbaikal.h">
			<Option target="terminal"/>
		</Unit>
		<Unit filename="C:/Qt/my_examples/my_example/terminal/settings/percentwaitfortheend2.cpp">
			<Option target="terminal"/>
		</Unit>
		<Unit filename="C:/Qt/my_examples/my_example/terminal/settings/percentwaitfortheend2.h">
			<Option target="terminal"/>
		</Unit>
		<Unit filename="C:/Qt/my_examples/my_example/terminal/settings/threadwaitcom.cpp">
			<Option target="terminal"/>
		</Unit>
		<Unit filename="C:/Qt/my_examples/my_example/terminal/settings/threadwaitcom.h">
			<Option target="terminal"/>
		</Unit>
		<Unit filename="C:/Qt/my_examples/my_example/terminal/CMakeLists.txt">
			<Option virtualFolder="CMake Files\"/>
		</Unit>
		<Unit filename="C:/Qt/my_examples/my_example/terminal/../../../5.13.0/mingw73_32/lib/cmake/Qt5/Qt5Config.cmake">
			<Option virtualFolder="CMake Files\..\..\..\5.13.0\mingw73_32\lib\cmake\Qt5\"/>
		</Unit>
		<Unit filename="C:/Qt/my_examples/my_example/terminal/../../../5.13.0/mingw73_32/lib/cmake/Qt5/Qt5ConfigVersion.cmake">
			<Option virtualFolder="CMake Files\..\..\..\5.13.0\mingw73_32\lib\cmake\Qt5\"/>
		</Unit>
		<Unit filename="C:/Qt/my_examples/my_example/terminal/../../../5.13.0/mingw73_32/lib/cmake/Qt5/Qt5ModuleLocation.cmake">
			<Option virtualFolder="CMake Files\..\..\..\5.13.0\mingw73_32\lib\cmake\Qt5\"/>
		</Unit>
		<Unit filename="C:/Qt/my_examples/my_example/terminal/../../../5.13.0/mingw73_32/lib/cmake/Qt5Widgets/Qt5WidgetsConfig.cmake">
			<Option virtualFolder="CMake Files\..\..\..\5.13.0\mingw73_32\lib\cmake\Qt5Widgets\"/>
		</Unit>
		<Unit filename="C:/Qt/my_examples/my_example/terminal/../../../5.13.0/mingw73_32/lib/cmake/Qt5Widgets/Qt5WidgetsConfigExtras.cmake">
			<Option virtualFolder="CMake Files\..\..\..\5.13.0\mingw73_32\lib\cmake\Qt5Widgets\"/>
		</Unit>
		<Unit filename="C:/Qt/my_examples/my_example/terminal/../../../5.13.0/mingw73_32/lib/cmake/Qt5Widgets/Qt5WidgetsConfigVersion.cmake">
			<Option virtualFolder="CMake Files\..\..\..\5.13.0\mingw73_32\lib\cmake\Qt5Widgets\"/>
		</Unit>
		<Unit filename="C:/Qt/my_examples/my_example/terminal/../../../5.13.0/mingw73_32/lib/cmake/Qt5Widgets/Qt5WidgetsMacros.cmake">
			<Option virtualFolder="CMake Files\..\..\..\5.13.0\mingw73_32\lib\cmake\Qt5Widgets\"/>
		</Unit>
		<Unit filename="C:/Qt/my_examples/my_example/terminal/../../../5.13.0/mingw73_32/lib/cmake/Qt5Widgets/Qt5Widgets_QWindowsVistaStylePlugin.cmake">
			<Option virtualFolder="CMake Files\..\..\..\5.13.0\mingw73_32\lib\cmake\Qt5Widgets\"/>
		</Unit>
		<Unit filename="C:/Qt/my_examples/my_example/terminal/../../../5.13.0/mingw73_32/lib/cmake/Qt5Gui/Qt5GuiConfig.cmake">
			<Option virtualFolder="CMake Files\..\..\..\5.13.0\mingw73_32\lib\cmake\Qt5Gui\"/>
		</Unit>
		<Unit filename="C:/Qt/my_examples/my_example/terminal/../../../5.13.0/mingw73_32/lib/cmake/Qt5Gui/Qt5GuiConfigExtras.cmake">
			<Option virtualFolder="CMake Files\..\..\..\5.13.0\mingw73_32\lib\cmake\Qt5Gui\"/>
		</Unit>
		<Unit filename="C:/Qt/my_examples/my_example/terminal/../../../5.13.0/mingw73_32/lib/cmake/Qt5Gui/Qt5GuiConfigVersion.cmake">
			<Option virtualFolder="CMake Files\..\..\..\5.13.0\mingw73_32\lib\cmake\Qt5Gui\"/>
		</Unit>
		<Unit filename="C:/Qt/my_examples/my_example/terminal/../../../5.13.0/mingw73_32/lib/cmake/Qt5Gui/Qt5Gui_QGifPlugin.cmake">
			<Option virtualFolder="CMake Files\..\..\..\5.13.0\mingw73_32\lib\cmake\Qt5Gui\"/>
		</Unit>
		<Unit filename="C:/Qt/my_examples/my_example/terminal/../../../5.13.0/mingw73_32/lib/cmake/Qt5Gui/Qt5Gui_QICNSPlugin.cmake">
			<Option virtualFolder="CMake Files\..\..\..\5.13.0\mingw73_32\lib\cmake\Qt5Gui\"/>
		</Unit>
		<Unit filename="C:/Qt/my_examples/my_example/terminal/../../../5.13.0/mingw73_32/lib/cmake/Qt5Gui/Qt5Gui_QICOPlugin.cmake">
			<Option virtualFolder="CMake Files\..\..\..\5.13.0\mingw73_32\lib\cmake\Qt5Gui\"/>
		</Unit>
		<Unit filename="C:/Qt/my_examples/my_example/terminal/../../../5.13.0/mingw73_32/lib/cmake/Qt5Gui/Qt5Gui_QJpegPlugin.cmake">
			<Option virtualFolder="CMake Files\..\..\..\5.13.0\mingw73_32\lib\cmake\Qt5Gui\"/>
		</Unit>
		<Unit filename="C:/Qt/my_examples/my_example/terminal/../../../5.13.0/mingw73_32/lib/cmake/Qt5Gui/Qt5Gui_QMinimalIntegrationPlugin.cmake">
			<Option virtualFolder="CMake Files\..\..\..\5.13.0\mingw73_32\lib\cmake\Qt5Gui\"/>
		</Unit>
		<Unit filename="C:/Qt/my_examples/my_example/terminal/../../../5.13.0/mingw73_32/lib/cmake/Qt5Gui/Qt5Gui_QOffscreenIntegrationPlugin.cmake">
			<Option virtualFolder="CMake Files\..\..\..\5.13.0\mingw73_32\lib\cmake\Qt5Gui\"/>
		</Unit>
		<Unit filename="C:/Qt/my_examples/my_example/terminal/../../../5.13.0/mingw73_32/lib/cmake/Qt5Gui/Qt5Gui_QTgaPlugin.cmake">
			<Option virtualFolder="CMake Files\..\..\..\5.13.0\mingw73_32\lib\cmake\Qt5Gui\"/>
		</Unit>
		<Unit filename="C:/Qt/my_examples/my_example/terminal/../../../5.13.0/mingw73_32/lib/cmake/Qt5Gui/Qt5Gui_QTiffPlugin.cmake">
			<Option virtualFolder="CMake Files\..\..\..\5.13.0\mingw73_32\lib\cmake\Qt5Gui\"/>
		</Unit>
		<Unit filename="C:/Qt/my_examples/my_example/terminal/../../../5.13.0/mingw73_32/lib/cmake/Qt5Gui/Qt5Gui_QTuioTouchPlugin.cmake">
			<Option virtualFolder="CMake Files\..\..\..\5.13.0\mingw73_32\lib\cmake\Qt5Gui\"/>
		</Unit>
		<Unit filename="C:/Qt/my_examples/my_example/terminal/../../../5.13.0/mingw73_32/lib/cmake/Qt5Gui/Qt5Gui_QWbmpPlugin.cmake">
			<Option virtualFolder="CMake Files\..\..\..\5.13.0\mingw73_32\lib\cmake\Qt5Gui\"/>
		</Unit>
		<Unit filename="C:/Qt/my_examples/my_example/terminal/../../../5.13.0/mingw73_32/lib/cmake/Qt5Gui/Qt5Gui_QWebpPlugin.cmake">
			<Option virtualFolder="CMake Files\..\..\..\5.13.0\mingw73_32\lib\cmake\Qt5Gui\"/>
		</Unit>
		<Unit filename="C:/Qt/my_examples/my_example/terminal/../../../5.13.0/mingw73_32/lib/cmake/Qt5Gui/Qt5Gui_QWindowsDirect2DIntegrationPlugin.cmake">
			<Option virtualFolder="CMake Files\..\..\..\5.13.0\mingw73_32\lib\cmake\Qt5Gui\"/>
		</Unit>
		<Unit filename="C:/Qt/my_examples/my_example/terminal/../../../5.13.0/mingw73_32/lib/cmake/Qt5Gui/Qt5Gui_QWindowsIntegrationPlugin.cmake">
			<Option virtualFolder="CMake Files\..\..\..\5.13.0\mingw73_32\lib\cmake\Qt5Gui\"/>
		</Unit>
		<Unit filename="C:/Qt/my_examples/my_example/terminal/../../../5.13.0/mingw73_32/lib/cmake/Qt5Gui/Qt5Gui_QXdgDesktopPortalThemePlugin.cmake">
			<Option virtualFolder="CMake Files\..\..\..\5.13.0\mingw73_32\lib\cmake\Qt5Gui\"/>
		</Unit>
		<Unit filename="C:/Qt/my_examples/my_example/terminal/../../../5.13.0/mingw73_32/lib/cmake/Qt5Core/Qt5CoreConfig.cmake">
			<Option virtualFolder="CMake Files\..\..\..\5.13.0\mingw73_32\lib\cmake\Qt5Core\"/>
		</Unit>
		<Unit filename="C:/Qt/my_examples/my_example/terminal/../../../5.13.0/mingw73_32/lib/cmake/Qt5Core/Qt5CoreConfigExtras.cmake">
			<Option virtualFolder="CMake Files\..\..\..\5.13.0\mingw73_32\lib\cmake\Qt5Core\"/>
		</Unit>
		<Unit filename="C:/Qt/my_examples/my_example/terminal/../../../5.13.0/mingw73_32/lib/cmake/Qt5Core/Qt5CoreConfigExtrasMkspecDir.cmake">
			<Option virtualFolder="CMake Files\..\..\..\5.13.0\mingw73_32\lib\cmake\Qt5Core\"/>
		</Unit>
		<Unit filename="C:/Qt/my_examples/my_example/terminal/../../../5.13.0/mingw73_32/lib/cmake/Qt5Core/Qt5CoreConfigVersion.cmake">
			<Option virtualFolder="CMake Files\..\..\..\5.13.0\mingw73_32\lib\cmake\Qt5Core\"/>
		</Unit>
		<Unit filename="C:/Qt/my_examples/my_example/terminal/../../../5.13.0/mingw73_32/lib/cmake/Qt5Core/Qt5CoreMacros.cmake">
			<Option virtualFolder="CMake Files\..\..\..\5.13.0\mingw73_32\lib\cmake\Qt5Core\"/>
		</Unit>
		<Unit filename="C:/Qt/my_examples/my_example/terminal/../../../5.13.0/mingw73_32/lib/cmake/Qt5Sql/Qt5SqlConfig.cmake">
			<Option virtualFolder="CMake Files\..\..\..\5.13.0\mingw73_32\lib\cmake\Qt5Sql\"/>
		</Unit>
		<Unit filename="C:/Qt/my_examples/my_example/terminal/../../../5.13.0/mingw73_32/lib/cmake/Qt5Sql/Qt5SqlConfigVersion.cmake">
			<Option virtualFolder="CMake Files\..\..\..\5.13.0\mingw73_32\lib\cmake\Qt5Sql\"/>
		</Unit>
		<Unit filename="C:/Qt/my_examples/my_example/terminal/../../../5.13.0/mingw73_32/lib/cmake/Qt5Sql/Qt5Sql_QODBCDriverPlugin.cmake">
			<Option virtualFolder="CMake Files\..\..\..\5.13.0\mingw73_32\lib\cmake\Qt5Sql\"/>
		</Unit>
		<Unit filename="C:/Qt/my_examples/my_example/terminal/../../../5.13.0/mingw73_32/lib/cmake/Qt5Sql/Qt5Sql_QPSQLDriverPlugin.cmake">
			<Option virtualFolder="CMake Files\..\..\..\5.13.0\mingw73_32\lib\cmake\Qt5Sql\"/>
		</Unit>
		<Unit filename="C:/Qt/my_examples/my_example/terminal/../../../5.13.0/mingw73_32/lib/cmake/Qt5Sql/Qt5Sql_QSQLiteDriverPlugin.cmake">
			<Option virtualFolder="CMake Files\..\..\..\5.13.0\mingw73_32\lib\cmake\Qt5Sql\"/>
		</Unit>
		<Unit filename="C:/Qt/my_examples/my_example/terminal/../../../5.13.0/mingw73_32/lib/cmake/Qt5SerialPort/Qt5SerialPortConfig.cmake">
			<Option virtualFolder="CMake Files\..\..\..\5.13.0\mingw73_32\lib\cmake\Qt5SerialPort\"/>
		</Unit>
		<Unit filename="C:/Qt/my_examples/my_example/terminal/../../../5.13.0/mingw73_32/lib/cmake/Qt5SerialPort/Qt5SerialPortConfigVersion.cmake">
			<Option virtualFolder="CMake Files\..\..\..\5.13.0\mingw73_32\lib\cmake\Qt5SerialPort\"/>
		</Unit>
	</Project>
</CodeBlocks_project_file>
